
Microsoft Visual Studio Solution File, Format Version 12.00
# Visual Studio Version 17
VisualStudioVersion = 17.11.35303.130
MinimumVisualStudioVersion = 10.0.40219.1
Project("{9A19103F-16F7-4668-BE54-9A1E7A4F7556}") = "SystemAnalysisAndDesign", "SystemAnalysisAndDesign\SystemAnalysisAndDesign.csproj", "{53B0E729-D108-447B-8562-9C756A9882BD}"
EndProject
Global
	GlobalSection(SolutionConfigurationPlatforms) = preSolution
		Debug|Any CPU = Debug|Any CPU
		Release|Any CPU = Release|Any CPU
	EndGlobalSection
	GlobalSection(ProjectConfigurationPlatforms) = postSolution
		{53B0E729-D108-447B-8562-9C756A9882BD}.Debug|Any CPU.ActiveCfg = Debug|Any CPU
		{53B0E729-D108-447B-8562-9C756A9882BD}.Debug|Any CPU.Build.0 = Debug|Any CPU
		{53B0E729-D108-447B-8562-9C756A9882BD}.Release|Any CPU.ActiveCfg = Release|Any CPU
		{53B0E729-D108-447B-8562-9C756A9882BD}.Release|Any CPU.Build.0 = Release|Any CPU
	EndGlobalSection
	GlobalSection(SolutionProperties) = preSolution
		HideSolutionNode = FALSE
	EndGlobalSection
	GlobalSection(ExtensibilityGlobals) = postSolution
		SolutionGuid = {1368FFB3-A53C-459D-8960-391FAF779CE4}
	EndGlobalSection
EndGlobal
